// !$*UTF8*$!
{
	archiveVersion = 1;
	classes = {
	};
	objectVersion = 56;
	objects = {

/* Begin PBXBuildFile section */
		D205FC692A94B24800398C0B /* ApiCall.swift in Sources */ = {isa = PBXBuildFile; fileRef = D205FC682A94B24800398C0B /* ApiCall.swift */; };
		D24898AC2A8F47BB0084C545 /* AppDelegate.swift in Sources */ = {isa = PBXBuildFile; fileRef = D24898AB2A8F47BB0084C545 /* AppDelegate.swift */; };
		D24898B02A8F47BB0084C545 /* ViewController.swift in Sources */ = {isa = PBXBuildFile; fileRef = D24898AF2A8F47BB0084C545 /* ViewController.swift */; };
		D24898B52A8F47BD0084C545 /* Assets.xcassets in Resources */ = {isa = PBXBuildFile; fileRef = D24898B42A8F47BD0084C545 /* Assets.xcassets */; };
		D24898B82A8F47BD0084C545 /* LaunchScreen.storyboard in Resources */ = {isa = PBXBuildFile; fileRef = D24898B62A8F47BD0084C545 /* LaunchScreen.storyboard */; };
		D24898C12A8F4A3B0084C545 /* WelcomeViewController.swift in Sources */ = {isa = PBXBuildFile; fileRef = D24898C02A8F4A3B0084C545 /* WelcomeViewController.swift */; };
		D24898C32A8F4A540084C545 /* WelcomeView.swift in Sources */ = {isa = PBXBuildFile; fileRef = D24898C22A8F4A540084C545 /* WelcomeView.swift */; };
		D24898E42A8F82000084C545 /* Inter-Medium.ttf in Resources */ = {isa = PBXBuildFile; fileRef = D24898DB2A8F82000084C545 /* Inter-Medium.ttf */; };
		D24898E62A8F82000084C545 /* Inter-Bold.ttf in Resources */ = {isa = PBXBuildFile; fileRef = D24898DD2A8F82000084C545 /* Inter-Bold.ttf */; };
		D24898EB2A8F83EA0084C545 /* Inter-Regular.ttf in Resources */ = {isa = PBXBuildFile; fileRef = D24898EA2A8F83EA0084C545 /* Inter-Regular.ttf */; };
		D24898F02A8FAA520084C545 /* OnboardingViewController.swift in Sources */ = {isa = PBXBuildFile; fileRef = D24898EF2A8FAA520084C545 /* OnboardingViewController.swift */; };
		D24898F22A8FAC920084C545 /* OnboardingContainerViewController.swift in Sources */ = {isa = PBXBuildFile; fileRef = D24898F12A8FAC920084C545 /* OnboardingContainerViewController.swift */; };
		D24898F62A90D02D0084C545 /* MainViewController.swift in Sources */ = {isa = PBXBuildFile; fileRef = D24898F52A90D02D0084C545 /* MainViewController.swift */; };
		D24898F82A90D10F0084C545 /* HomeViewController.swift in Sources */ = {isa = PBXBuildFile; fileRef = D24898F72A90D10F0084C545 /* HomeViewController.swift */; };
		D24898FA2A90D1280084C545 /* SearchViewController.swift in Sources */ = {isa = PBXBuildFile; fileRef = D24898F92A90D1280084C545 /* SearchViewController.swift */; };
		D24898FC2A90D3170084C545 /* UIViewController+Utils.swift in Sources */ = {isa = PBXBuildFile; fileRef = D24898FB2A90D3170084C545 /* UIViewController+Utils.swift */; };
		D24898FE2A91E65E0084C545 /* CellView.swift in Sources */ = {isa = PBXBuildFile; fileRef = D24898FD2A91E65E0084C545 /* CellView.swift */; };
		D24899002A91E77C0084C545 /* ListViewController.swift in Sources */ = {isa = PBXBuildFile; fileRef = D24898FF2A91E77C0084C545 /* ListViewController.swift */; };
		D24899022A91F2C70084C545 /* ListUpView.swift in Sources */ = {isa = PBXBuildFile; fileRef = D24899012A91F2C70084C545 /* ListUpView.swift */; };
/* End PBXBuildFile section */

/* Begin PBXFileReference section */
		D205FC682A94B24800398C0B /* ApiCall.swift */ = {isa = PBXFileReference; lastKnownFileType = sourcecode.swift; path = ApiCall.swift; sourceTree = "<group>"; };
		D24898A82A8F47BB0084C545 /* News.app */ = {isa = PBXFileReference; explicitFileType = wrapper.application; includeInIndex = 0; path = News.app; sourceTree = BUILT_PRODUCTS_DIR; };
		D24898AB2A8F47BB0084C545 /* AppDelegate.swift */ = {isa = PBXFileReference; lastKnownFileType = sourcecode.swift; path = AppDelegate.swift; sourceTree = "<group>"; };
		D24898AF2A8F47BB0084C545 /* ViewController.swift */ = {isa = PBXFileReference; lastKnownFileType = sourcecode.swift; path = ViewController.swift; sourceTree = "<group>"; };
		D24898B42A8F47BD0084C545 /* Assets.xcassets */ = {isa = PBXFileReference; lastKnownFileType = folder.assetcatalog; path = Assets.xcassets; sourceTree = "<group>"; };
		D24898B72A8F47BD0084C545 /* Base */ = {isa = PBXFileReference; lastKnownFileType = file.storyboard; name = Base; path = Base.lproj/LaunchScreen.storyboard; sourceTree = "<group>"; };
		D24898B92A8F47BD0084C545 /* Info.plist */ = {isa = PBXFileReference; lastKnownFileType = text.plist.xml; path = Info.plist; sourceTree = "<group>"; };
		D24898C02A8F4A3B0084C545 /* WelcomeViewController.swift */ = {isa = PBXFileReference; lastKnownFileType = sourcecode.swift; path = WelcomeViewController.swift; sourceTree = "<group>"; };
		D24898C22A8F4A540084C545 /* WelcomeView.swift */ = {isa = PBXFileReference; lastKnownFileType = sourcecode.swift; path = WelcomeView.swift; sourceTree = "<group>"; };
		D24898DB2A8F82000084C545 /* Inter-Medium.ttf */ = {isa = PBXFileReference; lastKnownFileType = file; name = "Inter-Medium.ttf"; path = "../../Downloads/Inter/static/Inter-Medium.ttf"; sourceTree = "<group>"; };
		D24898DD2A8F82000084C545 /* Inter-Bold.ttf */ = {isa = PBXFileReference; lastKnownFileType = file; name = "Inter-Bold.ttf"; path = "../../Downloads/Inter/static/Inter-Bold.ttf"; sourceTree = "<group>"; };
		D24898EA2A8F83EA0084C545 /* Inter-Regular.ttf */ = {isa = PBXFileReference; lastKnownFileType = file; name = "Inter-Regular.ttf"; path = "../../Downloads/Inter/static/Inter-Regular.ttf"; sourceTree = "<group>"; };
		D24898EF2A8FAA520084C545 /* OnboardingViewController.swift */ = {isa = PBXFileReference; lastKnownFileType = sourcecode.swift; path = OnboardingViewController.swift; sourceTree = "<group>"; };
		D24898F12A8FAC920084C545 /* OnboardingContainerViewController.swift */ = {isa = PBXFileReference; lastKnownFileType = sourcecode.swift; path = OnboardingContainerViewController.swift; sourceTree = "<group>"; };
		D24898F52A90D02D0084C545 /* MainViewController.swift */ = {isa = PBXFileReference; lastKnownFileType = sourcecode.swift; path = MainViewController.swift; sourceTree = "<group>"; };
		D24898F72A90D10F0084C545 /* HomeViewController.swift */ = {isa = PBXFileReference; lastKnownFileType = sourcecode.swift; path = HomeViewController.swift; sourceTree = "<group>"; };
		D24898F92A90D1280084C545 /* SearchViewController.swift */ = {isa = PBXFileReference; lastKnownFileType = sourcecode.swift; path = SearchViewController.swift; sourceTree = "<group>"; };
		D24898FB2A90D3170084C545 /* UIViewController+Utils.swift */ = {isa = PBXFileReference; lastKnownFileType = sourcecode.swift; path = "UIViewController+Utils.swift"; sourceTree = "<group>"; };
		D24898FD2A91E65E0084C545 /* CellView.swift */ = {isa = PBXFileReference; lastKnownFileType = sourcecode.swift; path = CellView.swift; sourceTree = "<group>"; };
		D24898FF2A91E77C0084C545 /* ListViewController.swift */ = {isa = PBXFileReference; lastKnownFileType = sourcecode.swift; path = ListViewController.swift; sourceTree = "<group>"; };
		D24899012A91F2C70084C545 /* ListUpView.swift */ = {isa = PBXFileReference; lastKnownFileType = sourcecode.swift; path = ListUpView.swift; sourceTree = "<group>"; };
/* End PBXFileReference section */

/* Begin PBXFrameworksBuildPhase section */
		D24898A52A8F47BB0084C545 /* Frameworks */ = {
			isa = PBXFrameworksBuildPhase;
			buildActionMask = 2147483647;
			files = (
			);
			runOnlyForDeploymentPostprocessing = 0;
		};
/* End PBXFrameworksBuildPhase section */

/* Begin PBXGroup section */
		D205FC672A94B15500398C0B /* Networking */ = {
			isa = PBXGroup;
			children = (
				D205FC682A94B24800398C0B /* ApiCall.swift */,
			);
			path = Networking;
			sourceTree = "<group>";
		};
		D248989F2A8F47BB0084C545 = {
			isa = PBXGroup;
			children = (
				D24898DD2A8F82000084C545 /* Inter-Bold.ttf */,
				D24898DB2A8F82000084C545 /* Inter-Medium.ttf */,
				D24898EA2A8F83EA0084C545 /* Inter-Regular.ttf */,
				D24898AA2A8F47BB0084C545 /* News */,
				D24898A92A8F47BB0084C545 /* Products */,
			);
			sourceTree = "<group>";
		};
		D24898A92A8F47BB0084C545 /* Products */ = {
			isa = PBXGroup;
			children = (
				D24898A82A8F47BB0084C545 /* News.app */,
			);
			name = Products;
			sourceTree = "<group>";
		};
		D24898AA2A8F47BB0084C545 /* News */ = {
			isa = PBXGroup;
			children = (
				D24898AB2A8F47BB0084C545 /* AppDelegate.swift */,
				D24898BF2A8F4A190084C545 /* Welcome */,
				D24898EE2A8FA9EA0084C545 /* Onboarding */,
				D24898F42A90D00E0084C545 /* Main */,
				D24898F32A90A92B0084C545 /* Files */,
			);
			path = News;
			sourceTree = "<group>";
		};
		D24898BF2A8F4A190084C545 /* Welcome */ = {
			isa = PBXGroup;
			children = (
				D24898C02A8F4A3B0084C545 /* WelcomeViewController.swift */,
				D24898C22A8F4A540084C545 /* WelcomeView.swift */,
			);
			path = Welcome;
			sourceTree = "<group>";
		};
		D24898EE2A8FA9EA0084C545 /* Onboarding */ = {
			isa = PBXGroup;
			children = (
				D24898EF2A8FAA520084C545 /* OnboardingViewController.swift */,
				D24898F12A8FAC920084C545 /* OnboardingContainerViewController.swift */,
			);
			path = Onboarding;
			sourceTree = "<group>";
		};
		D24898F32A90A92B0084C545 /* Files */ = {
			isa = PBXGroup;
			children = (
				D24898AF2A8F47BB0084C545 /* ViewController.swift */,
				D24898B42A8F47BD0084C545 /* Assets.xcassets */,
				D24898B62A8F47BD0084C545 /* LaunchScreen.storyboard */,
				D24898B92A8F47BD0084C545 /* Info.plist */,
			);
			name = Files;
			sourceTree = "<group>";
		};
		D24898F42A90D00E0084C545 /* Main */ = {
			isa = PBXGroup;
			children = (
				D24898F52A90D02D0084C545 /* MainViewController.swift */,
				D24898FB2A90D3170084C545 /* UIViewController+Utils.swift */,
				D24898FD2A91E65E0084C545 /* CellView.swift */,
				D24899052A922B2E0084C545 /* Home */,
				D205FC672A94B15500398C0B /* Networking */,
				D24899062A922B4C0084C545 /* Search */,
			);
			path = Main;
			sourceTree = "<group>";
		};
		D24899052A922B2E0084C545 /* Home */ = {
			isa = PBXGroup;
			children = (
				D24898F72A90D10F0084C545 /* HomeViewController.swift */,
				D24899012A91F2C70084C545 /* ListUpView.swift */,
				D24898FF2A91E77C0084C545 /* ListViewController.swift */,
			);
			path = Home;
			sourceTree = "<group>";
		};
		D24899062A922B4C0084C545 /* Search */ = {
			isa = PBXGroup;
			children = (
				D24898F92A90D1280084C545 /* SearchViewController.swift */,
			);
			path = Search;
			sourceTree = "<group>";
		};
/* End PBXGroup section */

/* Begin PBXNativeTarget section */
		D24898A72A8F47BB0084C545 /* News */ = {
			isa = PBXNativeTarget;
			buildConfigurationList = D24898BC2A8F47BD0084C545 /* Build configuration list for PBXNativeTarget "News" */;
			buildPhases = (
				D24898A42A8F47BB0084C545 /* Sources */,
				D24898A52A8F47BB0084C545 /* Frameworks */,
				D24898A62A8F47BB0084C545 /* Resources */,
			);
			buildRules = (
			);
			dependencies = (
			);
			name = News;
			productName = News;
			productReference = D24898A82A8F47BB0084C545 /* News.app */;
			productType = "com.apple.product-type.application";
		};
/* End PBXNativeTarget section */

/* Begin PBXProject section */
		D24898A02A8F47BB0084C545 /* Project object */ = {
			isa = PBXProject;
			attributes = {
				BuildIndependentTargetsInParallel = 1;
				LastSwiftUpdateCheck = 1430;
				LastUpgradeCheck = 1430;
				TargetAttributes = {
					D24898A72A8F47BB0084C545 = {
						CreatedOnToolsVersion = 14.3.1;
					};
				};
			};
			buildConfigurationList = D24898A32A8F47BB0084C545 /* Build configuration list for PBXProject "News" */;
			compatibilityVersion = "Xcode 14.0";
			developmentRegion = en;
			hasScannedForEncodings = 0;
			knownRegions = (
				en,
				Base,
			);
			mainGroup = D248989F2A8F47BB0084C545;
			productRefGroup = D24898A92A8F47BB0084C545 /* Products */;
			projectDirPath = "";
			projectRoot = "";
			targets = (
				D24898A72A8F47BB0084C545 /* News */,
			);
		};
/* End PBXProject section */

/* Begin PBXResourcesBuildPhase section */
		D24898A62A8F47BB0084C545 /* Resources */ = {
			isa = PBXResourcesBuildPhase;
			buildActionMask = 2147483647;
			files = (
				D24898B82A8F47BD0084C545 /* LaunchScreen.storyboard in Resources */,
				D24898B52A8F47BD0084C545 /* Assets.xcassets in Resources */,
				D24898E42A8F82000084C545 /* Inter-Medium.ttf in Resources */,
				D24898EB2A8F83EA0084C545 /* Inter-Regular.ttf in Resources */,
				D24898E62A8F82000084C545 /* Inter-Bold.ttf in Resources */,
			);
			runOnlyForDeploymentPostprocessing = 0;
		};
/* End PBXResourcesBuildPhase section */

/* Begin PBXSourcesBuildPhase section */
		D24898A42A8F47BB0084C545 /* Sources */ = {
			isa = PBXSourcesBuildPhase;
			buildActionMask = 2147483647;
			files = (
				D24898FE2A91E65E0084C545 /* CellView.swift in Sources */,
				D24898F62A90D02D0084C545 /* MainViewController.swift in Sources */,
				D24898FA2A90D1280084C545 /* SearchViewController.swift in Sources */,
				D24898F82A90D10F0084C545 /* HomeViewController.swift in Sources */,
				D24899022A91F2C70084C545 /* ListUpView.swift in Sources */,
				D24898C12A8F4A3B0084C545 /* WelcomeViewController.swift in Sources */,
				D24898FC2A90D3170084C545 /* UIViewController+Utils.swift in Sources */,
				D24898F22A8FAC920084C545 /* OnboardingContainerViewController.swift in Sources */,
				D24898B02A8F47BB0084C545 /* ViewController.swift in Sources */,
				D24899002A91E77C0084C545 /* ListViewController.swift in Sources */,
				D205FC692A94B24800398C0B /* ApiCall.swift in Sources */,
				D24898F02A8FAA520084C545 /* OnboardingViewController.swift in Sources */,
				D24898AC2A8F47BB0084C545 /* AppDelegate.swift in Sources */,
				D24898C32A8F4A540084C545 /* WelcomeView.swift in Sources */,
			);
			runOnlyForDeploymentPostprocessing = 0;
		};
/* End PBXSourcesBuildPhase section */

/* Begin PBXVariantGroup section */
		D24898B62A8F47BD0084C545 /* LaunchScreen.storyboard */ = {
			isa = PBXVariantGroup;
			children = (
				D24898B72A8F47BD0084C545 /* Base */,
			);
			name = LaunchScreen.storyboard;
			sourceTree = "<group>";
		};
/* End PBXVariantGroup section */

/* Begin XCBuildConfiguration section */
		D24898BA2A8F47BD0084C545 /* Debug */ = {
			isa = XCBuildConfiguration;
			buildSettings = {
				ALWAYS_SEARCH_USER_PATHS = NO;
				CLANG_ANALYZER_NONNULL = YES;
				CLANG_ANALYZER_NUMBER_OBJECT_CONVERSION = YES_AGGRESSIVE;
				CLANG_CXX_LANGUAGE_STANDARD = "gnu++20";
				CLANG_ENABLE_MODULES = YES;
				CLANG_ENABLE_OBJC_ARC = YES;
				CLANG_ENABLE_OBJC_WEAK = YES;
				CLANG_WARN_BLOCK_CAPTURE_AUTORELEASING = YES;
				CLANG_WARN_BOOL_CONVERSION = YES;
				CLANG_WARN_COMMA = YES;
				CLANG_WARN_CONSTANT_CONVERSION = YES;
				CLANG_WARN_DEPRECATED_OBJC_IMPLEMENTATIONS = YES;
				CLANG_WARN_DIRECT_OBJC_ISA_USAGE = YES_ERROR;
				CLANG_WARN_DOCUMENTATION_COMMENTS = YES;
				CLANG_WARN_EMPTY_BODY = YES;
				CLANG_WARN_ENUM_CONVERSION = YES;
				CLANG_WARN_INFINITE_RECURSION = YES;
				CLANG_WARN_INT_CONVERSION = YES;
				CLANG_WARN_NON_LITERAL_NULL_CONVERSION = YES;
				CLANG_WARN_OBJC_IMPLICIT_RETAIN_SELF = YES;
				CLANG_WARN_OBJC_LITERAL_CONVERSION = YES;
				CLANG_WARN_OBJC_ROOT_CLASS = YES_ERROR;
				CLANG_WARN_QUOTED_INCLUDE_IN_FRAMEWORK_HEADER = YES;
				CLANG_WARN_RANGE_LOOP_ANALYSIS = YES;
				CLANG_WARN_STRICT_PROTOTYPES = YES;
				CLANG_WARN_SUSPICIOUS_MOVE = YES;
				CLANG_WARN_UNGUARDED_AVAILABILITY = YES_AGGRESSIVE;
				CLANG_WARN_UNREACHABLE_CODE = YES;
				CLANG_WARN__DUPLICATE_METHOD_MATCH = YES;
				COPY_PHASE_STRIP = NO;
				DEBUG_INFORMATION_FORMAT = dwarf;
				ENABLE_STRICT_OBJC_MSGSEND = YES;
				ENABLE_TESTABILITY = YES;
				GCC_C_LANGUAGE_STANDARD = gnu11;
				GCC_DYNAMIC_NO_PIC = NO;
				GCC_NO_COMMON_BLOCKS = YES;
				GCC_OPTIMIZATION_LEVEL = 0;
				GCC_PREPROCESSOR_DEFINITIONS = (
					"DEBUG=1",
					"$(inherited)",
				);
				GCC_WARN_64_TO_32_BIT_CONVERSION = YES;
				GCC_WARN_ABOUT_RETURN_TYPE = YES_ERROR;
				GCC_WARN_UNDECLARED_SELECTOR = YES;
				GCC_WARN_UNINITIALIZED_AUTOS = YES_AGGRESSIVE;
				GCC_WARN_UNUSED_FUNCTION = YES;
				GCC_WARN_UNUSED_VARIABLE = YES;
				IPHONEOS_DEPLOYMENT_TARGET = 16.4;
				MTL_ENABLE_DEBUG_INFO = INCLUDE_SOURCE;
				MTL_FAST_MATH = YES;
				ONLY_ACTIVE_ARCH = YES;
				SDKROOT = iphoneos;
				SWIFT_ACTIVE_COMPILATION_CONDITIONS = DEBUG;
				SWIFT_OPTIMIZATION_LEVEL = "-Onone";
			};
			name = Debug;
		};
		D24898BB2A8F47BD0084C545 /* Release */ = {
			isa = XCBuildConfiguration;
			buildSettings = {
				ALWAYS_SEARCH_USER_PATHS = NO;
				CLANG_ANALYZER_NONNULL = YES;
				CLANG_ANALYZER_NUMBER_OBJECT_CONVERSION = YES_AGGRESSIVE;
				CLANG_CXX_LANGUAGE_STANDARD = "gnu++20";
				CLANG_ENABLE_MODULES = YES;
				CLANG_ENABLE_OBJC_ARC = YES;
				CLANG_ENABLE_OBJC_WEAK = YES;
				CLANG_WARN_BLOCK_CAPTURE_AUTORELEASING = YES;
				CLANG_WARN_BOOL_CONVERSION = YES;
				CLANG_WARN_COMMA = YES;
				CLANG_WARN_CONSTANT_CONVERSION = YES;
				CLANG_WARN_DEPRECATED_OBJC_IMPLEMENTATIONS = YES;
				CLANG_WARN_DIRECT_OBJC_ISA_USAGE = YES_ERROR;
				CLANG_WARN_DOCUMENTATION_COMMENTS = YES;
				CLANG_WARN_EMPTY_BODY = YES;
				CLANG_WARN_ENUM_CONVERSION = YES;
				CLANG_WARN_INFINITE_RECURSION = YES;
				CLANG_WARN_INT_CONVERSION = YES;
				CLANG_WARN_NON_LITERAL_NULL_CONVERSION = YES;
				CLANG_WARN_OBJC_IMPLICIT_RETAIN_SELF = YES;
				CLANG_WARN_OBJC_LITERAL_CONVERSION = YES;
				CLANG_WARN_OBJC_ROOT_CLASS = YES_ERROR;
				CLANG_WARN_QUOTED_INCLUDE_IN_FRAMEWORK_HEADER = YES;
				CLANG_WARN_RANGE_LOOP_ANALYSIS = YES;
				CLANG_WARN_STRICT_PROTOTYPES = YES;
				CLANG_WARN_SUSPICIOUS_MOVE = YES;
				CLANG_WARN_UNGUARDED_AVAILABILITY = YES_AGGRESSIVE;
				CLANG_WARN_UNREACHABLE_CODE = YES;
				CLANG_WARN__DUPLICATE_METHOD_MATCH = YES;
				COPY_PHASE_STRIP = NO;
				DEBUG_INFORMATION_FORMAT = "dwarf-with-dsym";
				ENABLE_NS_ASSERTIONS = NO;
				ENABLE_STRICT_OBJC_MSGSEND = YES;
				GCC_C_LANGUAGE_STANDARD = gnu11;
				GCC_NO_COMMON_BLOCKS = YES;
				GCC_WARN_64_TO_32_BIT_CONVERSION = YES;
				GCC_WARN_ABOUT_RETURN_TYPE = YES_ERROR;
				GCC_WARN_UNDECLARED_SELECTOR = YES;
				GCC_WARN_UNINITIALIZED_AUTOS = YES_AGGRESSIVE;
				GCC_WARN_UNUSED_FUNCTION = YES;
				GCC_WARN_UNUSED_VARIABLE = YES;
				IPHONEOS_DEPLOYMENT_TARGET = 16.4;
				MTL_ENABLE_DEBUG_INFO = NO;
				MTL_FAST_MATH = YES;
				SDKROOT = iphoneos;
				SWIFT_COMPILATION_MODE = wholemodule;
				SWIFT_OPTIMIZATION_LEVEL = "-O";
				VALIDATE_PRODUCT = YES;
			};
			name = Release;
		};
		D24898BD2A8F47BD0084C545 /* Debug */ = {
			isa = XCBuildConfiguration;
			buildSettings = {
				ASSETCATALOG_COMPILER_APPICON_NAME = AppIcon;
				ASSETCATALOG_COMPILER_GLOBAL_ACCENT_COLOR_NAME = AccentColor;
				CODE_SIGN_STYLE = Automatic;
				CURRENT_PROJECT_VERSION = 1;
				GENERATE_INFOPLIST_FILE = YES;
				INFOPLIST_FILE = News/Info.plist;
				INFOPLIST_KEY_UIApplicationSupportsIndirectInputEvents = YES;
				INFOPLIST_KEY_UILaunchStoryboardName = LaunchScreen;
				INFOPLIST_KEY_UISupportedInterfaceOrientations_iPad = "UIInterfaceOrientationPortrait UIInterfaceOrientationPortraitUpsideDown UIInterfaceOrientationLandscapeLeft UIInterfaceOrientationLandscapeRight";
				INFOPLIST_KEY_UISupportedInterfaceOrientations_iPhone = "UIInterfaceOrientationPortrait UIInterfaceOrientationLandscapeLeft UIInterfaceOrientationLandscapeRight";
				LD_RUNPATH_SEARCH_PATHS = (
					"$(inherited)",
					"@executable_path/Frameworks",
				);
				MARKETING_VERSION = 1.0;
				OTHER_LDFLAGS = "";
				PRODUCT_BUNDLE_IDENTIFIER = Me.News;
				PRODUCT_NAME = "$(TARGET_NAME)";
				SWIFT_EMIT_LOC_STRINGS = YES;
				SWIFT_VERSION = 5.0;
				TARGETED_DEVICE_FAMILY = "1,2";
			};
			name = Debug;
		};
		D24898BE2A8F47BD0084C545 /* Release */ = {
			isa = XCBuildConfiguration;
			buildSettings = {
				ASSETCATALOG_COMPILER_APPICON_NAME = AppIcon;
				ASSETCATALOG_COMPILER_GLOBAL_ACCENT_COLOR_NAME = AccentColor;
				CODE_SIGN_STYLE = Automatic;
				CURRENT_PROJECT_VERSION = 1;
				GENERATE_INFOPLIST_FILE = YES;
				INFOPLIST_FILE = News/Info.plist;
				INFOPLIST_KEY_UIApplicationSupportsIndirectInputEvents = YES;
				INFOPLIST_KEY_UILaunchStoryboardName = LaunchScreen;
				INFOPLIST_KEY_UISupportedInterfaceOrientations_iPad = "UIInterfaceOrientationPortrait UIInterfaceOrientationPortraitUpsideDown UIInterfaceOrientationLandscapeLeft UIInterfaceOrientationLandscapeRight";
				INFOPLIST_KEY_UISupportedInterfaceOrientations_iPhone = "UIInterfaceOrientationPortrait UIInterfaceOrientationLandscapeLeft UIInterfaceOrientationLandscapeRight";
				LD_RUNPATH_SEARCH_PATHS = (
					"$(inherited)",
					"@executable_path/Frameworks",
				);
				MARKETING_VERSION = 1.0;
				OTHER_LDFLAGS = "";
				PRODUCT_BUNDLE_IDENTIFIER = Me.News;
				PRODUCT_NAME = "$(TARGET_NAME)";
				SWIFT_EMIT_LOC_STRINGS = YES;
				SWIFT_VERSION = 5.0;
				TARGETED_DEVICE_FAMILY = "1,2";
			};
			name = Release;
		};
/* End XCBuildConfiguration section */

/* Begin XCConfigurationList section */
		D24898A32A8F47BB0084C545 /* Build configuration list for PBXProject "News" */ = {
			isa = XCConfigurationList;
			buildConfigurations = (
				D24898BA2A8F47BD0084C545 /* Debug */,
				D24898BB2A8F47BD0084C545 /* Release */,
			);
			defaultConfigurationIsVisible = 0;
			defaultConfigurationName = Release;
		};
		D24898BC2A8F47BD0084C545 /* Build configuration list for PBXNativeTarget "News" */ = {
			isa = XCConfigurationList;
			buildConfigurations = (
				D24898BD2A8F47BD0084C545 /* Debug */,
				D24898BE2A8F47BD0084C545 /* Release */,
			);
			defaultConfigurationIsVisible = 0;
			defaultConfigurationName = Release;
		};
/* End XCConfigurationList section */
	};
	rootObject = D24898A02A8F47BB0084C545 /* Project object */;
}
